
Microsoft Visual Studio Solution File, Format Version 12.00
# Visual Studio Version 17
VisualStudioVersion = 17.0.31903.59
MinimumVisualStudioVersion = 10.0.40219.1
Project("{FAE04EC0-301F-11D3-BF4B-00C04F79EFBC}") = "Bruch", "Bruch\Bruch.csproj", "{3225BCBD-EB53-4208-8090-0C550B5B7562}"
EndProject
Project("{FAE04EC0-301F-11D3-BF4B-00C04F79EFBC}") = "BruchTest", "BruchTest\BruchTest.csproj", "{F35EA4BA-78E0-4659-BEAE-F30F49024517}"
EndProject
Global
	GlobalSection(SolutionConfigurationPlatforms) = preSolution
		Debug|Any CPU = Debug|Any CPU
		Debug|x64 = Debug|x64
		Debug|x86 = Debug|x86
		Release|Any CPU = Release|Any CPU
		Release|x64 = Release|x64
		Release|x86 = Release|x86
	EndGlobalSection
	GlobalSection(ProjectConfigurationPlatforms) = postSolution
		{3225BCBD-EB53-4208-8090-0C550B5B7562}.Debug|Any CPU.ActiveCfg = Debug|Any CPU
		{3225BCBD-EB53-4208-8090-0C550B5B7562}.Debug|Any CPU.Build.0 = Debug|Any CPU
		{3225BCBD-EB53-4208-8090-0C550B5B7562}.Debug|x64.ActiveCfg = Debug|Any CPU
		{3225BCBD-EB53-4208-8090-0C550B5B7562}.Debug|x64.Build.0 = Debug|Any CPU
		{3225BCBD-EB53-4208-8090-0C550B5B7562}.Debug|x86.ActiveCfg = Debug|Any CPU
		{3225BCBD-EB53-4208-8090-0C550B5B7562}.Debug|x86.Build.0 = Debug|Any CPU
		{3225BCBD-EB53-4208-8090-0C550B5B7562}.Release|Any CPU.ActiveCfg = Release|Any CPU
		{3225BCBD-EB53-4208-8090-0C550B5B7562}.Release|Any CPU.Build.0 = Release|Any CPU
		{3225BCBD-EB53-4208-8090-0C550B5B7562}.Release|x64.ActiveCfg = Release|Any CPU
		{3225BCBD-EB53-4208-8090-0C550B5B7562}.Release|x64.Build.0 = Release|Any CPU
		{3225BCBD-EB53-4208-8090-0C550B5B7562}.Release|x86.ActiveCfg = Release|Any CPU
		{3225BCBD-EB53-4208-8090-0C550B5B7562}.Release|x86.Build.0 = Release|Any CPU
		{F35EA4BA-78E0-4659-BEAE-F30F49024517}.Debug|Any CPU.ActiveCfg = Debug|Any CPU
		{F35EA4BA-78E0-4659-BEAE-F30F49024517}.Debug|Any CPU.Build.0 = Debug|Any CPU
		{F35EA4BA-78E0-4659-BEAE-F30F49024517}.Debug|x64.ActiveCfg = Debug|Any CPU
		{F35EA4BA-78E0-4659-BEAE-F30F49024517}.Debug|x64.Build.0 = Debug|Any CPU
		{F35EA4BA-78E0-4659-BEAE-F30F49024517}.Debug|x86.ActiveCfg = Debug|Any CPU
		{F35EA4BA-78E0-4659-BEAE-F30F49024517}.Debug|x86.Build.0 = Debug|Any CPU
		{F35EA4BA-78E0-4659-BEAE-F30F49024517}.Release|Any CPU.ActiveCfg = Release|Any CPU
		{F35EA4BA-78E0-4659-BEAE-F30F49024517}.Release|Any CPU.Build.0 = Release|Any CPU
		{F35EA4BA-78E0-4659-BEAE-F30F49024517}.Release|x64.ActiveCfg = Release|Any CPU
		{F35EA4BA-78E0-4659-BEAE-F30F49024517}.Release|x64.Build.0 = Release|Any CPU
		{F35EA4BA-78E0-4659-BEAE-F30F49024517}.Release|x86.ActiveCfg = Release|Any CPU
		{F35EA4BA-78E0-4659-BEAE-F30F49024517}.Release|x86.Build.0 = Release|Any CPU
	EndGlobalSection
	GlobalSection(SolutionProperties) = preSolution
		HideSolutionNode = FALSE
	EndGlobalSection
EndGlobal
